
Microsoft Visual Studio Solution File, Format Version 12.00
# Visual Studio Version 17
VisualStudioVersion = 17.8.34511.84
MinimumVisualStudioVersion = 10.0.40219.1
Project("{9A19103F-16F7-4668-BE54-9A1E7A4F7556}") = "tp5mvc", "tp5mvc\tp5mvc.csproj", "{788EBD4E-74B0-4CCF-8233-CAE7557BA76F}"
EndProject
Global
	GlobalSection(SolutionConfigurationPlatforms) = preSolution
		Debug|Any CPU = Debug|Any CPU
		Release|Any CPU = Release|Any CPU
	EndGlobalSection
	GlobalSection(ProjectConfigurationPlatforms) = postSolution
		{788EBD4E-74B0-4CCF-8233-CAE7557BA76F}.Debug|Any CPU.ActiveCfg = Debug|Any CPU
		{788EBD4E-74B0-4CCF-8233-CAE7557BA76F}.Debug|Any CPU.Build.0 = Debug|Any CPU
		{788EBD4E-74B0-4CCF-8233-CAE7557BA76F}.Release|Any CPU.ActiveCfg = Release|Any CPU
		{788EBD4E-74B0-4CCF-8233-CAE7557BA76F}.Release|Any CPU.Build.0 = Release|Any CPU
	EndGlobalSection
	GlobalSection(SolutionProperties) = preSolution
		HideSolutionNode = FALSE
	EndGlobalSection
	GlobalSection(ExtensibilityGlobals) = postSolution
		SolutionGuid = {290ABE54-F5F2-47C2-A46A-3A8BF9AB7403}
	EndGlobalSection
EndGlobal
